
Microsoft Visual Studio Solution File, Format Version 12.00
# Visual Studio Version 16
VisualStudioVersion = 16.0.31410.357
MinimumVisualStudioVersion = 10.0.40219.1
Project("{FAE04EC0-301F-11D3-BF4B-00C04F79EFBC}") = "tt", "tt\tt.csproj", "{BAFE643F-C072-4723-A2ED-1D72DD0FCE6C}"
EndProject
Global
	GlobalSection(SolutionConfigurationPlatforms) = preSolution
		Debug|Any CPU = Debug|Any CPU
		Release|Any CPU = Release|Any CPU
	EndGlobalSection
	GlobalSection(ProjectConfigurationPlatforms) = postSolution
		{BAFE643F-C072-4723-A2ED-1D72DD0FCE6C}.Debug|Any CPU.ActiveCfg = Debug|Any CPU
		{BAFE643F-C072-4723-A2ED-1D72DD0FCE6C}.Debug|Any CPU.Build.0 = Debug|Any CPU
		{BAFE643F-C072-4723-A2ED-1D72DD0FCE6C}.Release|Any CPU.ActiveCfg = Release|Any CPU
		{BAFE643F-C072-4723-A2ED-1D72DD0FCE6C}.Release|Any CPU.Build.0 = Release|Any CPU
	EndGlobalSection
	GlobalSection(SolutionProperties) = preSolution
		HideSolutionNode = FALSE
	EndGlobalSection
	GlobalSection(ExtensibilityGlobals) = postSolution
		SolutionGuid = {BDDF3AF5-05CA-4F6C-B1EB-7DA756D1E775}
	EndGlobalSection
EndGlobal
